
Microsoft Visual Studio Solution File, Format Version 12.00
# Visual Studio Version 17
VisualStudioVersion = 17.4.33110.190
MinimumVisualStudioVersion = 10.0.40219.1
Project("{9A19103F-16F7-4668-BE54-9A1E7A4F7556}") = "PeopleRegistration2", "PeopleRegistration2\PeopleRegistration2.csproj", "{17F6F6B5-328E-4C47-8707-9C7979A99A78}"
EndProject
Project("{9A19103F-16F7-4668-BE54-9A1E7A4F7556}") = "PeopleRegistration3", "PeopleRegistration3\PeopleRegistration3.csproj", "{3CBE872D-ABE1-4555-A2A6-EC1BD7F5F6BC}"
EndProject
Global
	GlobalSection(SolutionConfigurationPlatforms) = preSolution
		Debug|Any CPU = Debug|Any CPU
		Release|Any CPU = Release|Any CPU
	EndGlobalSection
	GlobalSection(ProjectConfigurationPlatforms) = postSolution
		{17F6F6B5-328E-4C47-8707-9C7979A99A78}.Debug|Any CPU.ActiveCfg = Debug|Any CPU
		{17F6F6B5-328E-4C47-8707-9C7979A99A78}.Debug|Any CPU.Build.0 = Debug|Any CPU
		{17F6F6B5-328E-4C47-8707-9C7979A99A78}.Release|Any CPU.ActiveCfg = Release|Any CPU
		{17F6F6B5-328E-4C47-8707-9C7979A99A78}.Release|Any CPU.Build.0 = Release|Any CPU
		{3CBE872D-ABE1-4555-A2A6-EC1BD7F5F6BC}.Debug|Any CPU.ActiveCfg = Debug|Any CPU
		{3CBE872D-ABE1-4555-A2A6-EC1BD7F5F6BC}.Debug|Any CPU.Build.0 = Debug|Any CPU
		{3CBE872D-ABE1-4555-A2A6-EC1BD7F5F6BC}.Release|Any CPU.ActiveCfg = Release|Any CPU
		{3CBE872D-ABE1-4555-A2A6-EC1BD7F5F6BC}.Release|Any CPU.Build.0 = Release|Any CPU
	EndGlobalSection
	GlobalSection(SolutionProperties) = preSolution
		HideSolutionNode = FALSE
	EndGlobalSection
	GlobalSection(ExtensibilityGlobals) = postSolution
		SolutionGuid = {DBA4FC21-8B64-4ECB-B3AC-E73F27CDA46F}
	EndGlobalSection
EndGlobal
